{
  "version": 4,
  "terraform_version": "1.0.11",
  "serial": 6,
  "lineage": "2b5406df-95ec-1d89-aa03-9ff0bafc2427",
  "outputs": {
    "id": {
      "value": "ami-0e09afd159eba2bbd",
      "type": "string"
    },
    "name": {
      "value": "PACKER-DEMO-httpd-webserver",
      "type": "string"
    },
    "public_ip": {
      "value": "13.233.92.224",
      "type": "string"
    }
  },
  "resources": [
    {
      "mode": "data",
      "type": "aws_ami",
      "name": "my_image",
      "provider": "provider[\"registry.terraform.io/hashicorp/aws\"]",
      "instances": [
        {
          "schema_version": 0,
          "attributes": {
            "architecture": "x86_64",
            "arn": "arn:aws:ec2:ap-south-1::image/ami-0e09afd159eba2bbd",
            "block_device_mappings": [
              {
                "device_name": "/dev/xvda",
                "ebs": {
                  "delete_on_termination": "true",
                  "encrypted": "false",
                  "iops": "0",
                  "snapshot_id": "snap-0f33b998f7477fab4",
                  "throughput": "0",
                  "volume_size": "8",
                  "volume_type": "gp2"
                },
                "no_device": "",
                "virtual_name": ""
              }
            ],
            "creation_date": "2021-12-07T05:58:24.000Z",
            "description": null,
            "ena_support": true,
            "executable_users": null,
            "filter": [
              {
                "name": "name",
                "values": [
                  "PACKER*"
                ]
              }
            ],
            "hypervisor": "xen",
            "id": "ami-0e09afd159eba2bbd",
            "image_id": "ami-0e09afd159eba2bbd",
            "image_location": "375314818604/PACKER-DEMO-httpd-webserver",
            "image_owner_alias": null,
            "image_type": "machine",
            "kernel_id": null,
            "most_recent": true,
            "name": "PACKER-DEMO-httpd-webserver",
            "name_regex": null,
            "owner_id": "375314818604",
            "owners": [
              "self"
            ],
            "platform": null,
            "platform_details": "Linux/UNIX",
            "product_codes": [],
            "public": false,
            "ramdisk_id": null,
            "root_device_name": "/dev/xvda",
            "root_device_type": "ebs",
            "root_snapshot_id": "snap-0f33b998f7477fab4",
            "sriov_net_support": "simple",
            "state": "available",
            "state_reason": {
              "code": "UNSET",
              "message": "UNSET"
            },
            "tags": {
              "Name": "PACKER-httpd-webserver"
            },
            "usage_operation": "RunInstances",
            "virtualization_type": "hvm"
          },
          "sensitive_attributes": []
        }
      ]
    },
    {
      "mode": "managed",
      "type": "aws_instance",
      "name": "webserver",
      "provider": "provider[\"registry.terraform.io/hashicorp/aws\"]",
      "instances": [
        {
          "schema_version": 1,
          "attributes": {
            "ami": "ami-0e09afd159eba2bbd",
            "arn": "arn:aws:ec2:ap-south-1:375314818604:instance/i-0db1bc794a1fa55ec",
            "associate_public_ip_address": true,
            "availability_zone": "ap-south-1a",
            "capacity_reservation_specification": [
              {
                "capacity_reservation_preference": "open",
                "capacity_reservation_target": []
              }
            ],
            "cpu_core_count": 1,
            "cpu_threads_per_core": 1,
            "credit_specification": [
              {
                "cpu_credits": "standard"
              }
            ],
            "disable_api_termination": false,
            "ebs_block_device": [],
            "ebs_optimized": false,
            "enclave_options": [
              {
                "enabled": false
              }
            ],
            "ephemeral_block_device": [],
            "get_password_data": false,
            "hibernation": false,
            "host_id": null,
            "iam_instance_profile": "",
            "id": "i-0db1bc794a1fa55ec",
            "instance_initiated_shutdown_behavior": "stop",
            "instance_state": "running",
            "instance_type": "t2.micro",
            "ipv6_address_count": 0,
            "ipv6_addresses": [],
            "key_name": "terraform",
            "launch_template": [],
            "metadata_options": [
              {
                "http_endpoint": "enabled",
                "http_put_response_hop_limit": 1,
                "http_tokens": "optional"
              }
            ],
            "monitoring": false,
            "network_interface": [],
            "outpost_arn": "",
            "password_data": "",
            "placement_group": "",
            "placement_partition_number": null,
            "primary_network_interface_id": "eni-0be5031fea7e5c5ce",
            "private_dns": "ip-172-31-39-244.ap-south-1.compute.internal",
            "private_ip": "172.31.39.244",
            "public_dns": "ec2-13-233-92-224.ap-south-1.compute.amazonaws.com",
            "public_ip": "13.233.92.224",
            "root_block_device": [
              {
                "delete_on_termination": true,
                "device_name": "/dev/xvda",
                "encrypted": false,
                "iops": 100,
                "kms_key_id": "",
                "tags": {},
                "throughput": 0,
                "volume_id": "vol-084f98b9ce0e8a5a0",
                "volume_size": 8,
                "volume_type": "gp2"
              }
            ],
            "secondary_private_ips": [],
            "security_groups": [
              "webserver"
            ],
            "source_dest_check": true,
            "subnet_id": "subnet-000a158f4bd4701af",
            "tags": {
              "Name": "webserver"
            },
            "tags_all": {
              "Name": "webserver"
            },
            "tenancy": "default",
            "timeouts": null,
            "user_data": null,
            "user_data_base64": null,
            "volume_tags": null,
            "vpc_security_group_ids": [
              "sg-059e8860c9492af8b"
            ]
          },
          "sensitive_attributes": [],
          "private": "eyJlMmJmYjczMC1lY2FhLTExZTYtOGY4OC0zNDM2M2JjN2M0YzAiOnsiY3JlYXRlIjo2MDAwMDAwMDAwMDAsImRlbGV0ZSI6MTIwMDAwMDAwMDAwMCwidXBkYXRlIjo2MDAwMDAwMDAwMDB9LCJzY2hlbWFfdmVyc2lvbiI6IjEifQ==",
          "dependencies": [
            "data.aws_ami.my_image",
            "aws_key_pair.key",
            "aws_security_group.webserver"
          ]
        }
      ]
    },
    {
      "mode": "managed",
      "type": "aws_key_pair",
      "name": "key",
      "provider": "provider[\"registry.terraform.io/hashicorp/aws\"]",
      "instances": [
        {
          "schema_version": 1,
          "attributes": {
            "arn": "arn:aws:ec2:ap-south-1:375314818604:key-pair/terraform",
            "fingerprint": "d9:ef:ed:4d:03:f9:51:a2:91:03:fe:c7:79:e1:33:15",
            "id": "terraform",
            "key_name": "terraform",
            "key_name_prefix": "",
            "key_pair_id": "key-024350d7a98d63aee",
            "public_key": "ssh-rsa AAAAB3NzaC1yc2EAAAADAQABAAABAQDGSd7T7/dLByBmsfhHQr7tbVO0o5b8da3j+qzVTefJ9OgDVo4j+R5zuzwPa1z2Bnp0ft74iwRnQC2j2jg/cRPyDPPcAeSOba/ZIvEbD7KUEg1dWi8SiYxeQt2i3f7tGpU2ckq1L4bxnIaVLTm1w3AFikxv+PoN+5cryF39pO85ohYZ4XEXV/Wf0WtmkyENUA5wIqimqiyPkmlGKZSJDYaW2azHALW9WyN8olRAqfyuvgl18WDokx+N6O5Nfwo222zxSyRAh8iJihzt2Go7TsSFZkLwM+cjtat1bmkBKvBSqNHRVOUEV9EUGy/tjHph4S3qMTm+6GwJ6VOctztkkW4F jisjo@jisjo-X541UAK",
            "tags": {
              "Name": "webserver-key"
            },
            "tags_all": {
              "Name": "webserver-key"
            }
          },
          "sensitive_attributes": [],
          "private": "eyJzY2hlbWFfdmVyc2lvbiI6IjEifQ=="
        }
      ]
    },
    {
      "mode": "managed",
      "type": "aws_security_group",
      "name": "webserver",
      "provider": "provider[\"registry.terraform.io/hashicorp/aws\"]",
      "instances": [
        {
          "schema_version": 1,
          "attributes": {
            "arn": "arn:aws:ec2:ap-south-1:375314818604:security-group/sg-059e8860c9492af8b",
            "description": "Allows 80 from all,22 from bastion",
            "egress": [
              {
                "cidr_blocks": [
                  "0.0.0.0/0"
                ],
                "description": "",
                "from_port": 0,
                "ipv6_cidr_blocks": [
                  "::/0"
                ],
                "prefix_list_ids": [],
                "protocol": "-1",
                "security_groups": [],
                "self": false,
                "to_port": 0
              }
            ],
            "id": "sg-059e8860c9492af8b",
            "ingress": [
              {
                "cidr_blocks": [
                  "0.0.0.0/0"
                ],
                "description": "allow from 22",
                "from_port": 22,
                "ipv6_cidr_blocks": [
                  "::/0"
                ],
                "prefix_list_ids": [],
                "protocol": "tcp",
                "security_groups": [],
                "self": false,
                "to_port": 22
              },
              {
                "cidr_blocks": [
                  "0.0.0.0/0"
                ],
                "description": "allow from 443",
                "from_port": 443,
                "ipv6_cidr_blocks": [
                  "::/0"
                ],
                "prefix_list_ids": [],
                "protocol": "tcp",
                "security_groups": [],
                "self": false,
                "to_port": 443
              },
              {
                "cidr_blocks": [
                  "0.0.0.0/0"
                ],
                "description": "allow from 80",
                "from_port": 80,
                "ipv6_cidr_blocks": [
                  "::/0"
                ],
                "prefix_list_ids": [],
                "protocol": "tcp",
                "security_groups": [],
                "self": false,
                "to_port": 80
              }
            ],
            "name": "webserver",
            "name_prefix": "",
            "owner_id": "375314818604",
            "revoke_rules_on_delete": false,
            "tags": {
              "Name": "webserver"
            },
            "tags_all": {
              "Name": "webserver"
            },
            "timeouts": null,
            "vpc_id": "vpc-09131e74fc865fdb4"
          },
          "sensitive_attributes": [],
          "private": "eyJlMmJmYjczMC1lY2FhLTExZTYtOGY4OC0zNDM2M2JjN2M0YzAiOnsiY3JlYXRlIjo2MDAwMDAwMDAwMDAsImRlbGV0ZSI6OTAwMDAwMDAwMDAwfSwic2NoZW1hX3ZlcnNpb24iOiIxIn0="
        }
      ]
    }
  ]
}
